
Microsoft Visual Studio Solution File, Format Version 12.00
# Visual Studio Version 16
VisualStudioVersion = 16.0.30413.136
MinimumVisualStudioVersion = 10.0.40219.1
Project("{FAE04EC0-301F-11D3-BF4B-00C04F79EFBC}") = "RazorPages", "RazorPages\RazorPages.csproj", "{0728605F-F947-4F1F-A360-DB5E9718E532}"
EndProject
Project("{2150E333-8FDC-42A3-9474-1A3956D46DE8}") = "DevExtreme NuGet.config", "DevExtreme NuGet.config", "{12AECFDE-4D6A-4A57-BC19-81DF2B27E43F}"
	ProjectSection(SolutionItems) = preProject
		NuGet.config = NuGet.config
	EndProjectSection
EndProject
Global
	GlobalSection(SolutionConfigurationPlatforms) = preSolution
		Debug|Any CPU = Debug|Any CPU
		Release|Any CPU = Release|Any CPU
	EndGlobalSection
	GlobalSection(ProjectConfigurationPlatforms) = postSolution
		{0728605F-F947-4F1F-A360-DB5E9718E532}.Debug|Any CPU.ActiveCfg = Debug|Any CPU
		{0728605F-F947-4F1F-A360-DB5E9718E532}.Debug|Any CPU.Build.0 = Debug|Any CPU
		{0728605F-F947-4F1F-A360-DB5E9718E532}.Release|Any CPU.ActiveCfg = Release|Any CPU
		{0728605F-F947-4F1F-A360-DB5E9718E532}.Release|Any CPU.Build.0 = Release|Any CPU
	EndGlobalSection
	GlobalSection(SolutionProperties) = preSolution
		HideSolutionNode = FALSE
	EndGlobalSection
	GlobalSection(ExtensibilityGlobals) = postSolution
		SolutionGuid = {A5E2DD85-5A85-4DAD-B6B1-DA1370A793D6}
	EndGlobalSection
EndGlobal
